
Microsoft Visual Studio Solution File, Format Version 12.00
# Visual Studio Version 17
VisualStudioVersion = 17.9.34616.47
MinimumVisualStudioVersion = 10.0.40219.1
Project("{8BC9CEB8-8B4A-11D0-8D11-00A0C91BC942}") = "Polimorti", "Polimorti\Polimorti.vcxproj", "{0B1F1E5F-5405-4C71-B5C5-707D17F28F2F}"
EndProject
Project("{8BC9CEB8-8B4A-11D0-8D11-00A0C91BC942}") = "enkapulasi", "enkapulasi\enkapulasi.vcxproj", "{35A120C1-50E8-4D72-B086-3BB4CC13F2FA}"
EndProject
Project("{8BC9CEB8-8B4A-11D0-8D11-00A0C91BC942}") = "noOverriding", "noOverriding\noOverriding.vcxproj", "{E6969D79-0FEC-436A-A59B-67C675724401}"
EndProject
Project("{8BC9CEB8-8B4A-11D0-8D11-00A0C91BC942}") = "noPewarisan", "noPewarisan\noPewarisan.vcxproj", "{6BEA4F58-4E1B-4995-BC26-83C310636342}"
EndProject
Project("{8BC9CEB8-8B4A-11D0-8D11-00A0C91BC942}") = "abstraksi", "abstraksi\abstraksi.vcxproj", "{44E41F65-4396-4138-BF89-029975619464}"
EndProject
Project("{8BC9CEB8-8B4A-11D0-8D11-00A0C91BC942}") = "multiwaris", "multiwaris\multiwaris.vcxproj", "{B8A1C566-BDF5-48BA-AEE7-7558D2F3D03A}"
EndProject
Project("{8BC9CEB8-8B4A-11D0-8D11-00A0C91BC942}") = "solvemultiwaris", "solvemultiwaris\solvemultiwaris.vcxproj", "{C025F02A-7CB9-4C9F-8F2B-B9E58BDAE687}"
EndProject
Global
	GlobalSection(SolutionConfigurationPlatforms) = preSolution
		Debug|x64 = Debug|x64
		Debug|x86 = Debug|x86
		Release|x64 = Release|x64
		Release|x86 = Release|x86
	EndGlobalSection
	GlobalSection(ProjectConfigurationPlatforms) = postSolution
		{0B1F1E5F-5405-4C71-B5C5-707D17F28F2F}.Debug|x64.ActiveCfg = Debug|x64
		{0B1F1E5F-5405-4C71-B5C5-707D17F28F2F}.Debug|x64.Build.0 = Debug|x64
		{0B1F1E5F-5405-4C71-B5C5-707D17F28F2F}.Debug|x86.ActiveCfg = Debug|Win32
		{0B1F1E5F-5405-4C71-B5C5-707D17F28F2F}.Debug|x86.Build.0 = Debug|Win32
		{0B1F1E5F-5405-4C71-B5C5-707D17F28F2F}.Release|x64.ActiveCfg = Release|x64
		{0B1F1E5F-5405-4C71-B5C5-707D17F28F2F}.Release|x64.Build.0 = Release|x64
		{0B1F1E5F-5405-4C71-B5C5-707D17F28F2F}.Release|x86.ActiveCfg = Release|Win32
		{0B1F1E5F-5405-4C71-B5C5-707D17F28F2F}.Release|x86.Build.0 = Release|Win32
		{35A120C1-50E8-4D72-B086-3BB4CC13F2FA}.Debug|x64.ActiveCfg = Debug|x64
		{35A120C1-50E8-4D72-B086-3BB4CC13F2FA}.Debug|x64.Build.0 = Debug|x64
		{35A120C1-50E8-4D72-B086-3BB4CC13F2FA}.Debug|x86.ActiveCfg = Debug|Win32
		{35A120C1-50E8-4D72-B086-3BB4CC13F2FA}.Debug|x86.Build.0 = Debug|Win32
		{35A120C1-50E8-4D72-B086-3BB4CC13F2FA}.Release|x64.ActiveCfg = Release|x64
		{35A120C1-50E8-4D72-B086-3BB4CC13F2FA}.Release|x64.Build.0 = Release|x64
		{35A120C1-50E8-4D72-B086-3BB4CC13F2FA}.Release|x86.ActiveCfg = Release|Win32
		{35A120C1-50E8-4D72-B086-3BB4CC13F2FA}.Release|x86.Build.0 = Release|Win32
		{E6969D79-0FEC-436A-A59B-67C675724401}.Debug|x64.ActiveCfg = Debug|x64
		{E6969D79-0FEC-436A-A59B-67C675724401}.Debug|x64.Build.0 = Debug|x64
		{E6969D79-0FEC-436A-A59B-67C675724401}.Debug|x86.ActiveCfg = Debug|Win32
		{E6969D79-0FEC-436A-A59B-67C675724401}.Debug|x86.Build.0 = Debug|Win32
		{E6969D79-0FEC-436A-A59B-67C675724401}.Release|x64.ActiveCfg = Release|x64
		{E6969D79-0FEC-436A-A59B-67C675724401}.Release|x64.Build.0 = Release|x64
		{E6969D79-0FEC-436A-A59B-67C675724401}.Release|x86.ActiveCfg = Release|Win32
		{E6969D79-0FEC-436A-A59B-67C675724401}.Release|x86.Build.0 = Release|Win32
		{6BEA4F58-4E1B-4995-BC26-83C310636342}.Debug|x64.ActiveCfg = Debug|x64
		{6BEA4F58-4E1B-4995-BC26-83C310636342}.Debug|x64.Build.0 = Debug|x64
		{6BEA4F58-4E1B-4995-BC26-83C310636342}.Debug|x86.ActiveCfg = Debug|Win32
		{6BEA4F58-4E1B-4995-BC26-83C310636342}.Debug|x86.Build.0 = Debug|Win32
		{6BEA4F58-4E1B-4995-BC26-83C310636342}.Release|x64.ActiveCfg = Release|x64
		{6BEA4F58-4E1B-4995-BC26-83C310636342}.Release|x64.Build.0 = Release|x64
		{6BEA4F58-4E1B-4995-BC26-83C310636342}.Release|x86.ActiveCfg = Release|Win32
		{6BEA4F58-4E1B-4995-BC26-83C310636342}.Release|x86.Build.0 = Release|Win32
		{44E41F65-4396-4138-BF89-029975619464}.Debug|x64.ActiveCfg = Debug|x64
		{44E41F65-4396-4138-BF89-029975619464}.Debug|x64.Build.0 = Debug|x64
		{44E41F65-4396-4138-BF89-029975619464}.Debug|x86.ActiveCfg = Debug|Win32
		{44E41F65-4396-4138-BF89-029975619464}.Debug|x86.Build.0 = Debug|Win32
		{44E41F65-4396-4138-BF89-029975619464}.Release|x64.ActiveCfg = Release|x64
		{44E41F65-4396-4138-BF89-029975619464}.Release|x64.Build.0 = Release|x64
		{44E41F65-4396-4138-BF89-029975619464}.Release|x86.ActiveCfg = Release|Win32
		{44E41F65-4396-4138-BF89-029975619464}.Release|x86.Build.0 = Release|Win32
		{B8A1C566-BDF5-48BA-AEE7-7558D2F3D03A}.Debug|x64.ActiveCfg = Debug|x64
		{B8A1C566-BDF5-48BA-AEE7-7558D2F3D03A}.Debug|x64.Build.0 = Debug|x64
		{B8A1C566-BDF5-48BA-AEE7-7558D2F3D03A}.Debug|x86.ActiveCfg = Debug|Win32
		{B8A1C566-BDF5-48BA-AEE7-7558D2F3D03A}.Debug|x86.Build.0 = Debug|Win32
		{B8A1C566-BDF5-48BA-AEE7-7558D2F3D03A}.Release|x64.ActiveCfg = Release|x64
		{B8A1C566-BDF5-48BA-AEE7-7558D2F3D03A}.Release|x64.Build.0 = Release|x64
		{B8A1C566-BDF5-48BA-AEE7-7558D2F3D03A}.Release|x86.ActiveCfg = Release|Win32
		{B8A1C566-BDF5-48BA-AEE7-7558D2F3D03A}.Release|x86.Build.0 = Release|Win32
		{C025F02A-7CB9-4C9F-8F2B-B9E58BDAE687}.Debug|x64.ActiveCfg = Debug|x64
		{C025F02A-7CB9-4C9F-8F2B-B9E58BDAE687}.Debug|x64.Build.0 = Debug|x64
		{C025F02A-7CB9-4C9F-8F2B-B9E58BDAE687}.Debug|x86.ActiveCfg = Debug|Win32
		{C025F02A-7CB9-4C9F-8F2B-B9E58BDAE687}.Debug|x86.Build.0 = Debug|Win32
		{C025F02A-7CB9-4C9F-8F2B-B9E58BDAE687}.Release|x64.ActiveCfg = Release|x64
		{C025F02A-7CB9-4C9F-8F2B-B9E58BDAE687}.Release|x64.Build.0 = Release|x64
		{C025F02A-7CB9-4C9F-8F2B-B9E58BDAE687}.Release|x86.ActiveCfg = Release|Win32
		{C025F02A-7CB9-4C9F-8F2B-B9E58BDAE687}.Release|x86.Build.0 = Release|Win32
	EndGlobalSection
	GlobalSection(SolutionProperties) = preSolution
		HideSolutionNode = FALSE
	EndGlobalSection
	GlobalSection(ExtensibilityGlobals) = postSolution
		SolutionGuid = {91A269D2-1F9F-4624-AD46-7135FEA1130B}
	EndGlobalSection
EndGlobal
